
Microsoft Visual Studio Solution File, Format Version 12.00
# Visual Studio Version 17
VisualStudioVersion = 17.3.32811.315
MinimumVisualStudioVersion = 10.0.40219.1
Project("{2150E333-8FDC-42A3-9474-1A3956D46DE8}") = "order", "order", "{CC90033C-1215-49B4-AC4B-D61559571EB9}"
EndProject
Project("{2150E333-8FDC-42A3-9474-1A3956D46DE8}") = "payment", "payment", "{95B5E3D9-F14B-44B8-BAEC-B1EB832555B1}"
EndProject
Project("{2150E333-8FDC-42A3-9474-1A3956D46DE8}") = "cart", "cart", "{8D0A1A0E-DAB7-46F1-BEB9-8D7154741F3E}"
EndProject
Project("{9A19103F-16F7-4668-BE54-9A1E7A4F7556}") = "Payment.Api", "src\Payment.Api\Payment.Api.csproj", "{EFAA196D-CFAD-4886-A726-F68C883393F1}"
EndProject
Project("{9A19103F-16F7-4668-BE54-9A1E7A4F7556}") = "Order.Worker", "src\Order.Worker\Order.Worker.csproj", "{728C1402-73F7-431E-925D-17EE7E9FBDF4}"
EndProject
Project("{9A19103F-16F7-4668-BE54-9A1E7A4F7556}") = "Cart.Api", "src\Cart.Api\Cart.Api.csproj", "{FCA692D3-76A7-45AF-9361-BBCAAFA7F200}"
EndProject
Project("{9A19103F-16F7-4668-BE54-9A1E7A4F7556}") = "Order.Api", "src\Order.Api\Order.Api.csproj", "{E9BA033A-DEB9-4D4F-8DA7-B01807BBEFB7}"
EndProject
Project("{9A19103F-16F7-4668-BE54-9A1E7A4F7556}") = "Order.Domain", "src\Order.Domain\Order.Domain.csproj", "{79F9097D-8A86-484C-A323-BC3AFE9E24EA}"
EndProject
Project("{9A19103F-16F7-4668-BE54-9A1E7A4F7556}") = "Payment.Domain", "src\Payment.Domain\Payment.Domain.csproj", "{2AC86A06-CE83-4B66-9A53-667F0A504CC7}"
EndProject
Project("{9A19103F-16F7-4668-BE54-9A1E7A4F7556}") = "Cart.Domain", "src\Cart.Domain\Cart.Domain.csproj", "{619B6E62-84B7-465A-8147-2D544DF54119}"
EndProject
Project("{9A19103F-16F7-4668-BE54-9A1E7A4F7556}") = "Payment.Worker", "src\Payment.Worker\Payment.Worker.csproj", "{98AA9EE5-A914-4E52-B835-353BA00F890B}"
EndProject
Project("{9A19103F-16F7-4668-BE54-9A1E7A4F7556}") = "Saga.Core", "src\Saga.Core\Saga.Core.csproj", "{0CAE7438-FBAF-41E8-B84D-1D69D7232F0F}"
EndProject
Project("{2150E333-8FDC-42A3-9474-1A3956D46DE8}") = "order-vendor", "order-vendor", "{2999AA53-3E04-41F9-9012-BF2B0D776FA0}"
EndProject
Project("{FAE04EC0-301F-11D3-BF4B-00C04F79EFBC}") = "OrderVendor.Worker", "src\OrderVendor.Worker\OrderVendor.Worker.csproj", "{2585FA23-F769-4738-893A-9A651B0151B7}"
EndProject
Global
	GlobalSection(SolutionConfigurationPlatforms) = preSolution
		Debug|Any CPU = Debug|Any CPU
		Release|Any CPU = Release|Any CPU
	EndGlobalSection
	GlobalSection(ProjectConfigurationPlatforms) = postSolution
		{EFAA196D-CFAD-4886-A726-F68C883393F1}.Debug|Any CPU.ActiveCfg = Debug|Any CPU
		{EFAA196D-CFAD-4886-A726-F68C883393F1}.Debug|Any CPU.Build.0 = Debug|Any CPU
		{EFAA196D-CFAD-4886-A726-F68C883393F1}.Release|Any CPU.ActiveCfg = Release|Any CPU
		{EFAA196D-CFAD-4886-A726-F68C883393F1}.Release|Any CPU.Build.0 = Release|Any CPU
		{728C1402-73F7-431E-925D-17EE7E9FBDF4}.Debug|Any CPU.ActiveCfg = Debug|Any CPU
		{728C1402-73F7-431E-925D-17EE7E9FBDF4}.Debug|Any CPU.Build.0 = Debug|Any CPU
		{728C1402-73F7-431E-925D-17EE7E9FBDF4}.Release|Any CPU.ActiveCfg = Release|Any CPU
		{728C1402-73F7-431E-925D-17EE7E9FBDF4}.Release|Any CPU.Build.0 = Release|Any CPU
		{FCA692D3-76A7-45AF-9361-BBCAAFA7F200}.Debug|Any CPU.ActiveCfg = Debug|Any CPU
		{FCA692D3-76A7-45AF-9361-BBCAAFA7F200}.Debug|Any CPU.Build.0 = Debug|Any CPU
		{FCA692D3-76A7-45AF-9361-BBCAAFA7F200}.Release|Any CPU.ActiveCfg = Release|Any CPU
		{FCA692D3-76A7-45AF-9361-BBCAAFA7F200}.Release|Any CPU.Build.0 = Release|Any CPU
		{E9BA033A-DEB9-4D4F-8DA7-B01807BBEFB7}.Debug|Any CPU.ActiveCfg = Debug|Any CPU
		{E9BA033A-DEB9-4D4F-8DA7-B01807BBEFB7}.Debug|Any CPU.Build.0 = Debug|Any CPU
		{E9BA033A-DEB9-4D4F-8DA7-B01807BBEFB7}.Release|Any CPU.ActiveCfg = Release|Any CPU
		{E9BA033A-DEB9-4D4F-8DA7-B01807BBEFB7}.Release|Any CPU.Build.0 = Release|Any CPU
		{79F9097D-8A86-484C-A323-BC3AFE9E24EA}.Debug|Any CPU.ActiveCfg = Debug|Any CPU
		{79F9097D-8A86-484C-A323-BC3AFE9E24EA}.Debug|Any CPU.Build.0 = Debug|Any CPU
		{79F9097D-8A86-484C-A323-BC3AFE9E24EA}.Release|Any CPU.ActiveCfg = Release|Any CPU
		{79F9097D-8A86-484C-A323-BC3AFE9E24EA}.Release|Any CPU.Build.0 = Release|Any CPU
		{2AC86A06-CE83-4B66-9A53-667F0A504CC7}.Debug|Any CPU.ActiveCfg = Debug|Any CPU
		{2AC86A06-CE83-4B66-9A53-667F0A504CC7}.Debug|Any CPU.Build.0 = Debug|Any CPU
		{2AC86A06-CE83-4B66-9A53-667F0A504CC7}.Release|Any CPU.ActiveCfg = Release|Any CPU
		{2AC86A06-CE83-4B66-9A53-667F0A504CC7}.Release|Any CPU.Build.0 = Release|Any CPU
		{619B6E62-84B7-465A-8147-2D544DF54119}.Debug|Any CPU.ActiveCfg = Debug|Any CPU
		{619B6E62-84B7-465A-8147-2D544DF54119}.Debug|Any CPU.Build.0 = Debug|Any CPU
		{619B6E62-84B7-465A-8147-2D544DF54119}.Release|Any CPU.ActiveCfg = Release|Any CPU
		{619B6E62-84B7-465A-8147-2D544DF54119}.Release|Any CPU.Build.0 = Release|Any CPU
		{98AA9EE5-A914-4E52-B835-353BA00F890B}.Debug|Any CPU.ActiveCfg = Debug|Any CPU
		{98AA9EE5-A914-4E52-B835-353BA00F890B}.Debug|Any CPU.Build.0 = Debug|Any CPU
		{98AA9EE5-A914-4E52-B835-353BA00F890B}.Release|Any CPU.ActiveCfg = Release|Any CPU
		{98AA9EE5-A914-4E52-B835-353BA00F890B}.Release|Any CPU.Build.0 = Release|Any CPU
		{0CAE7438-FBAF-41E8-B84D-1D69D7232F0F}.Debug|Any CPU.ActiveCfg = Debug|Any CPU
		{0CAE7438-FBAF-41E8-B84D-1D69D7232F0F}.Debug|Any CPU.Build.0 = Debug|Any CPU
		{0CAE7438-FBAF-41E8-B84D-1D69D7232F0F}.Release|Any CPU.ActiveCfg = Release|Any CPU
		{0CAE7438-FBAF-41E8-B84D-1D69D7232F0F}.Release|Any CPU.Build.0 = Release|Any CPU
		{2585FA23-F769-4738-893A-9A651B0151B7}.Debug|Any CPU.ActiveCfg = Debug|Any CPU
		{2585FA23-F769-4738-893A-9A651B0151B7}.Debug|Any CPU.Build.0 = Debug|Any CPU
		{2585FA23-F769-4738-893A-9A651B0151B7}.Release|Any CPU.ActiveCfg = Release|Any CPU
		{2585FA23-F769-4738-893A-9A651B0151B7}.Release|Any CPU.Build.0 = Release|Any CPU
	EndGlobalSection
	GlobalSection(SolutionProperties) = preSolution
		HideSolutionNode = FALSE
	EndGlobalSection
	GlobalSection(NestedProjects) = preSolution
		{EFAA196D-CFAD-4886-A726-F68C883393F1} = {95B5E3D9-F14B-44B8-BAEC-B1EB832555B1}
		{728C1402-73F7-431E-925D-17EE7E9FBDF4} = {CC90033C-1215-49B4-AC4B-D61559571EB9}
		{FCA692D3-76A7-45AF-9361-BBCAAFA7F200} = {8D0A1A0E-DAB7-46F1-BEB9-8D7154741F3E}
		{E9BA033A-DEB9-4D4F-8DA7-B01807BBEFB7} = {CC90033C-1215-49B4-AC4B-D61559571EB9}
		{79F9097D-8A86-484C-A323-BC3AFE9E24EA} = {CC90033C-1215-49B4-AC4B-D61559571EB9}
		{2AC86A06-CE83-4B66-9A53-667F0A504CC7} = {95B5E3D9-F14B-44B8-BAEC-B1EB832555B1}
		{619B6E62-84B7-465A-8147-2D544DF54119} = {8D0A1A0E-DAB7-46F1-BEB9-8D7154741F3E}
		{98AA9EE5-A914-4E52-B835-353BA00F890B} = {95B5E3D9-F14B-44B8-BAEC-B1EB832555B1}
		{2585FA23-F769-4738-893A-9A651B0151B7} = {2999AA53-3E04-41F9-9012-BF2B0D776FA0}
	EndGlobalSection
	GlobalSection(ExtensibilityGlobals) = postSolution
		SolutionGuid = {8B6F4318-673B-455A-BE0E-6EC32501D79B}
	EndGlobalSection
EndGlobal
